
Microsoft Visual Studio Solution File, Format Version 12.00
# Visual Studio Version 16
VisualStudioVersion = 16.0.30330.147
MinimumVisualStudioVersion = 10.0.40219.1
Project("{FAE04EC0-301F-11D3-BF4B-00C04F79EFBC}") = "Day3", "Day3.csproj", "{2C86E203-B338-4CBD-AC78-371A865B34FB}"
EndProject
Global
	GlobalSection(SolutionConfigurationPlatforms) = preSolution
		Debug|Any CPU = Debug|Any CPU
		Release|Any CPU = Release|Any CPU
	EndGlobalSection
	GlobalSection(ProjectConfigurationPlatforms) = postSolution
		{2C86E203-B338-4CBD-AC78-371A865B34FB}.Debug|Any CPU.ActiveCfg = Debug|Any CPU
		{2C86E203-B338-4CBD-AC78-371A865B34FB}.Debug|Any CPU.Build.0 = Debug|Any CPU
		{2C86E203-B338-4CBD-AC78-371A865B34FB}.Release|Any CPU.ActiveCfg = Release|Any CPU
		{2C86E203-B338-4CBD-AC78-371A865B34FB}.Release|Any CPU.Build.0 = Release|Any CPU
	EndGlobalSection
	GlobalSection(SolutionProperties) = preSolution
		HideSolutionNode = FALSE
	EndGlobalSection
	GlobalSection(ExtensibilityGlobals) = postSolution
		SolutionGuid = {18A87C3E-8211-49ED-96D3-753F4452AD21}
	EndGlobalSection
EndGlobal
